
Microsoft Visual Studio Solution File, Format Version 12.00
# Visual Studio Version 16
VisualStudioVersion = 16.0.30804.86
MinimumVisualStudioVersion = 10.0.40219.1
Project("{FAE04EC0-301F-11D3-BF4B-00C04F79EFBC}") = "Quiz", "Quiz\Quiz.csproj", "{7E774E7D-2FF8-46F4-916D-01B495E4FCEB}"
EndProject
Global
	GlobalSection(SolutionConfigurationPlatforms) = preSolution
		Debug|Any CPU = Debug|Any CPU
		Release|Any CPU = Release|Any CPU
	EndGlobalSection
	GlobalSection(ProjectConfigurationPlatforms) = postSolution
		{7E774E7D-2FF8-46F4-916D-01B495E4FCEB}.Debug|Any CPU.ActiveCfg = Debug|Any CPU
		{7E774E7D-2FF8-46F4-916D-01B495E4FCEB}.Debug|Any CPU.Build.0 = Debug|Any CPU
		{7E774E7D-2FF8-46F4-916D-01B495E4FCEB}.Release|Any CPU.ActiveCfg = Release|Any CPU
		{7E774E7D-2FF8-46F4-916D-01B495E4FCEB}.Release|Any CPU.Build.0 = Release|Any CPU
	EndGlobalSection
	GlobalSection(SolutionProperties) = preSolution
		HideSolutionNode = FALSE
	EndGlobalSection
	GlobalSection(ExtensibilityGlobals) = postSolution
		SolutionGuid = {F76A7E0A-D797-4617-829A-1FA6E1318BD6}
	EndGlobalSection
EndGlobal
